{
    "_readme": [
        "This file locks the dependencies of your project to a known state",
        "Read more about it at https://getcomposer.org/doc/01-basic-usage.md#composer-lock-the-lock-file",
        "This file is @generated automatically"
    ],
    "content-hash": "e693ff88d8caac424ece79fce0e328f5",
    "packages": [
        {
            "name": "asmundstavdahl/rapd",
            "version": "dev-master",
            "source": {
                "type": "git",
                "url": "https://github.com/asmundstavdahl/rapd.git",
                "reference": "979588b8be5fa7417de273e8e7b6f199d135fd25"
            },
            "dist": {
                "type": "zip",
                "url": "https://api.github.com/repos/asmundstavdahl/rapd/zipball/979588b8be5fa7417de273e8e7b6f199d135fd25",
                "reference": "979588b8be5fa7417de273e8e7b6f199d135fd25",
                "shasum": ""
            },
            "type": "library",
            "autoload": {
                "psr-0": {
                    "Rapd": "src"
                }
            },
            "notification-url": "https://packagist.org/downloads/",
            "license": [
                "Apache-2.0"
            ],
            "description": "Super KISS PHP web app library",
            "time": "2018-08-03T19:41:10+00:00"
        }
    ],
    "packages-dev": [],
    "aliases": [],
    "minimum-stability": "stable",
    "stability-flags": {
        "asmundstavdahl/rapd": 20
    },
    "prefer-stable": false,
    "prefer-lowest": false,
    "platform": [],
    "platform-dev": []
}
